hash: 7fd6a334b1948b68058a290164db1045d0169a5aab12c5b96b59ac918248f07f
updated: 2019-03-08T14:21:00.943588-05:00
imports:
- name: github.com/coreos/dex
  version: 6e50c18458842b8eec2f5219e3588fec918d5663
  subpackages:
  - api
  - connector
  - connector/ldap
- name: github.com/coreos/go-oidc
  version: 065b426bd41667456c1a924468f507673629c46b
- name: github.com/coreos/pkg
  version: 7373797ee9cd9f7bcfa6a19632c2f66a1183ebb3
  subpackages:
  - capnslog
  - flagutil
  - health
  - httputil
  - netutil
  - timeutil
- name: github.com/golang/protobuf
  version: 874264fbbb43f4d91e999fecb4b40143ed611400
  subpackages:
  - proto
  - protoc-gen-go
- name: github.com/gorilla/handlers
  version: ac6d24f88de4584385a0cb3a88f953d08a2f7a05
- name: github.com/gorilla/websocket
  version: 4ac909741dfa57448bfadfdbca0cf7eeaa68f0e2
- name: github.com/jonboulle/clockwork
  version: 3f831b65b61282ba6bece21b91beea2edc4c887a
- name: github.com/kylelemons/godebug
  version: 21cb3784d9bda523911b96719efba02b7e983256
  subpackages:
  - diff
  - pretty
- name: github.com/pquerna/cachecontrol
  version: c97913dcbd76de40b051a9b4cd827f7eaeb7a868
  subpackages:
  - cacheobject
- name: golang.org/x/net
  version: 6a513affb38dc9788b449d59ffed099b8de18fa0
  subpackages:
  - context
  - context/ctxhttp
  - http2
  - http2/hpack
  - internal/timeseries
  - lex/httplex
  - trace
- name: golang.org/x/oauth2
  version: 921ae394b9430ed4fb549668d7b087601bd60a81
  subpackages:
  - internal
- name: google.golang.org/appengine
  version: 267c27e7492265b84fc6719503b14a1e17975d79
  subpackages:
  - internal
  - internal/base
  - internal/datastore
  - internal/log
  - internal/remote_api
  - internal/urlfetch
  - urlfetch
- name: google.golang.org/grpc
  version: b1a2821ca5a4fd6b6e48ddfbb7d6d7584d839d21
  subpackages:
  - codes
  - credentials
  - grpclog
  - internal
  - metadata
  - naming
  - peer
  - transport
- name: gopkg.in/asn1-ber.v1
  version: 4e86f4367175e39f69d9358a5f17b4dda270378d
- name: gopkg.in/ldap.v2
  version: d0a5ced67b4dc310b9158d63a2c6f9c5ec13f105
- name: gopkg.in/square/go-jose.v2
  version: 296c7f1463ec9b712176dc804dea0173d06dc728
  subpackages:
  - cipher
  - json
- name: gopkg.in/yaml.v2
  version: 5420a8b6744d3b0345ab293f6fcba19c978f1183
testImports: []
