# THIS IS AN AUTOGENERATED FILE. DO NOT EDIT THIS FILE DIRECTLY.
# yarn lockfile v1


"@babel/runtime-corejs2@^7.0.0":
  version "7.1.2"
  resolved "https://registry.yarnpkg.com/@babel/runtime-corejs2/-/runtime-corejs2-7.1.2.tgz#8695811a3fd8091f54f274b9320334e5e8c62200"
  dependencies:
    core-js "^2.5.7"
    regenerator-runtime "^0.12.0"

"@novnc/novnc@^1.0.0":
  version "1.0.0"
  resolved "https://registry.yarnpkg.com/@novnc/novnc/-/novnc-1.0.0.tgz#76b0e89e6f8738ca8154195baf5b8e6a80bc9105"

"@patternfly/react-console@^1.4.6":
  version "1.4.6"
  resolved "https://registry.yarnpkg.com/@patternfly/react-console/-/react-console-1.4.6.tgz#19ce32cf6a618ca91cd1917d31eba211a5e5c299"
  dependencies:
    "@novnc/novnc" "^1.0.0"
    classnames "^2.2.5"
    patternfly "^3.52.1"
    patternfly-react "^2.20.3"
    xterm "^3.3.0"

"@types/c3@^0.6.0":
  version "0.6.2"
  resolved "https://registry.yarnpkg.com/@types/c3/-/c3-0.6.2.tgz#b4d5fc5dbe05b900a531544786f8cfedf5b8e416"
  dependencies:
    "@types/d3" "^4"

"@types/d3-array@*":
  version "1.2.3"
  resolved "https://registry.yarnpkg.com/@types/d3-array/-/d3-array-1.2.3.tgz#dd141e3ba311485fffbf0792a1b01a7f2ec12dc1"

"@types/d3-axis@*":
  version "1.0.11"
  resolved "https://registry.yarnpkg.com/@types/d3-axis/-/d3-axis-1.0.11.tgz#efd975f9fec14c2afd03828f3acec0ef97d37c3b"
  dependencies:
    "@types/d3-selection" "*"

"@types/d3-brush@*":
  version "1.0.9"
  resolved "https://registry.yarnpkg.com/@types/d3-brush/-/d3-brush-1.0.9.tgz#c71070845946eeee4cf330e04123a3997e6476bf"
  dependencies:
    "@types/d3-selection" "*"

"@types/d3-chord@*":
  version "1.0.8"
  resolved "https://registry.yarnpkg.com/@types/d3-chord/-/d3-chord-1.0.8.tgz#08c0fbb10281be0a5b3fdf48c9c081af02f79fb6"

"@types/d3-collection@*":
  version "1.0.7"
  resolved "https://registry.yarnpkg.com/@types/d3-collection/-/d3-collection-1.0.7.tgz#829e1db477d6bbbcdc038cbc489f22798752d707"

"@types/d3-color@*":
  version "1.2.1"
  resolved "https://registry.yarnpkg.com/@types/d3-color/-/d3-color-1.2.1.tgz#26141c3c554e320edd40726b793570a3ae57397e"

"@types/d3-dispatch@*":
  version "1.0.6"
  resolved "https://registry.yarnpkg.com/@types/d3-dispatch/-/d3-dispatch-1.0.6.tgz#19b173f669cd2ab7dd3d862e8037aae1a98c7508"

"@types/d3-drag@*":
  version "1.2.1"
  resolved "https://registry.yarnpkg.com/@types/d3-drag/-/d3-drag-1.2.1.tgz#6394bcf2f6414140b3b0d521259cadc6fa1da926"
  dependencies:
    "@types/d3-selection" "*"

"@types/d3-dsv@*":
  version "1.0.33"
  resolved "https://registry.yarnpkg.com/@types/d3-dsv/-/d3-dsv-1.0.33.tgz#18de1867927f7ec898671aef82f730f16d4c7fcb"

"@types/d3-ease@*":
  version "1.0.7"
  resolved "https://registry.yarnpkg.com/@types/d3-ease/-/d3-ease-1.0.7.tgz#93a301868be9e15061f3d44343b1ab3f8acb6f09"

"@types/d3-force@*":
  version "1.1.1"
  resolved "https://registry.yarnpkg.com/@types/d3-force/-/d3-force-1.1.1.tgz#185c18b77932df63457894bd36d0d6e9692546c0"

"@types/d3-format@*":
  version "1.3.0"
  resolved "https://registry.yarnpkg.com/@types/d3-format/-/d3-format-1.3.0.tgz#c5e115fac8e6861ce656fe9861892b22f6b0cfcb"

"@types/d3-geo@*":
  version "1.10.3"
  resolved "https://registry.yarnpkg.com/@types/d3-geo/-/d3-geo-1.10.3.tgz#3c01b2baa480e1108301096328dc2837e7ff4d8a"
  dependencies:
    "@types/geojson" "*"

"@types/d3-hierarchy@*":
  version "1.1.4"
  resolved "https://registry.yarnpkg.com/@types/d3-hierarchy/-/d3-hierarchy-1.1.4.tgz#b04dfcb1f2074da789ada10fe4942d13f0bce421"

"@types/d3-interpolate@*":
  version "1.3.0"
  resolved "https://registry.yarnpkg.com/@types/d3-interpolate/-/d3-interpolate-1.3.0.tgz#65b9627900bfdd82474875d9b23d574a4388af7c"
  dependencies:
    "@types/d3-color" "*"

"@types/d3-path@*":
  version "1.0.7"
  resolved "https://registry.yarnpkg.com/@types/d3-path/-/d3-path-1.0.7.tgz#a0736fceed688a695f48265a82ff7a3369414b81"

"@types/d3-polygon@*":
  version "1.0.6"
  resolved "https://registry.yarnpkg.com/@types/d3-polygon/-/d3-polygon-1.0.6.tgz#db25c630a2afb9191fe51ba61dd37baee9dd44c7"

"@types/d3-quadtree@*":
  version "1.0.6"
  resolved "https://registry.yarnpkg.com/@types/d3-quadtree/-/d3-quadtree-1.0.6.tgz#45da9e603688ba90eedd3d40f6e504764e06e493"

"@types/d3-queue@*":
  version "3.0.7"
  resolved "https://registry.yarnpkg.com/@types/d3-queue/-/d3-queue-3.0.7.tgz#94dc7af693281ab78ccdf381a8c1f71ef16659c1"

"@types/d3-random@*":
  version "1.1.1"
  resolved "https://registry.yarnpkg.com/@types/d3-random/-/d3-random-1.1.1.tgz#38647ce2ff4ce7d0d56974334c1c4092513c8b9f"

"@types/d3-request@*":
  version "1.0.3"
  resolved "https://registry.yarnpkg.com/@types/d3-request/-/d3-request-1.0.3.tgz#f528d12efdc83dbc3df486746c939fc5519dc79c"
  dependencies:
    "@types/d3-dsv" "*"

"@types/d3-scale@^1":
  version "1.0.14"
  resolved "https://registry.yarnpkg.com/@types/d3-scale/-/d3-scale-1.0.14.tgz#4544e4eb61e3712dacaba9dd8910e745bb7a9840"
  dependencies:
    "@types/d3-time" "*"

"@types/d3-selection@*":
  version "1.3.2"
  resolved "https://registry.yarnpkg.com/@types/d3-selection/-/d3-selection-1.3.2.tgz#dd5661a560ba9ce3aba823c424b8d4a1bc7e833f"

"@types/d3-shape@*":
  version "1.2.4"
  resolved "https://registry.yarnpkg.com/@types/d3-shape/-/d3-shape-1.2.4.tgz#e65585f2254d83ae42c47af2e730dd9b97952996"
  dependencies:
    "@types/d3-path" "*"

"@types/d3-time-format@*":
  version "2.1.0"
  resolved "https://registry.yarnpkg.com/@types/d3-time-format/-/d3-time-format-2.1.0.tgz#011e0fb7937be34a9a8f580ae1e2f2f1336a8a22"

"@types/d3-time@*":
  version "1.0.9"
  resolved "https://registry.yarnpkg.com/@types/d3-time/-/d3-time-1.0.9.tgz#c2cf05a3cd51f810b8d8a9bbca0c74030d4e535e"

"@types/d3-timer@*":
  version "1.0.8"
  resolved "https://registry.yarnpkg.com/@types/d3-timer/-/d3-timer-1.0.8.tgz#a3441d9605367059e14ad8c3494132143cbc8d58"

"@types/d3-transition@*":
  version "1.1.3"
  resolved "https://registry.yarnpkg.com/@types/d3-transition/-/d3-transition-1.1.3.tgz#efcf4941dae22135d595514ba488f4f370d396b0"
  dependencies:
    "@types/d3-selection" "*"

"@types/d3-voronoi@*":
  version "1.1.8"
  resolved "https://registry.yarnpkg.com/@types/d3-voronoi/-/d3-voronoi-1.1.8.tgz#a039cb8368bce4efc1a70aebe744d210851cf1a7"

"@types/d3-zoom@*":
  version "1.7.2"
  resolved "https://registry.yarnpkg.com/@types/d3-zoom/-/d3-zoom-1.7.2.tgz#ee67f063199c179949d83b6b1e6166207de5f06e"
  dependencies:
    "@types/d3-interpolate" "*"
    "@types/d3-selection" "*"

"@types/d3@^4":
  version "4.13.0"
  resolved "https://registry.yarnpkg.com/@types/d3/-/d3-4.13.0.tgz#aae092b368266409cfbf19c611203145ec0d5f65"
  dependencies:
    "@types/d3-array" "*"
    "@types/d3-axis" "*"
    "@types/d3-brush" "*"
    "@types/d3-chord" "*"
    "@types/d3-collection" "*"
    "@types/d3-color" "*"
    "@types/d3-dispatch" "*"
    "@types/d3-drag" "*"
    "@types/d3-dsv" "*"
    "@types/d3-ease" "*"
    "@types/d3-force" "*"
    "@types/d3-format" "*"
    "@types/d3-geo" "*"
    "@types/d3-hierarchy" "*"
    "@types/d3-interpolate" "*"
    "@types/d3-path" "*"
    "@types/d3-polygon" "*"
    "@types/d3-quadtree" "*"
    "@types/d3-queue" "*"
    "@types/d3-random" "*"
    "@types/d3-request" "*"
    "@types/d3-scale" "^1"
    "@types/d3-selection" "*"
    "@types/d3-shape" "*"
    "@types/d3-time" "*"
    "@types/d3-time-format" "*"
    "@types/d3-timer" "*"
    "@types/d3-transition" "*"
    "@types/d3-voronoi" "*"
    "@types/d3-zoom" "*"

"@types/geojson@*":
  version "7946.0.4"
  resolved "https://registry.yarnpkg.com/@types/geojson/-/geojson-7946.0.4.tgz#4e049756383c3f055dd8f3d24e63fb543e98eb07"

asap@~2.0.3:
  version "2.0.6"
  resolved "https://registry.yarnpkg.com/asap/-/asap-2.0.6.tgz#e50347611d7e690943208bbdafebcbc2fb866d46"

babel-runtime@6.x.x:
  version "6.26.0"
  resolved "https://registry.yarnpkg.com/babel-runtime/-/babel-runtime-6.26.0.tgz#965c7058668e82b55d7bfe04ff2337bc8b5647fe"
  dependencies:
    core-js "^2.4.0"
    regenerator-runtime "^0.11.0"

bootstrap-datepicker@^1.7.1:
  version "1.8.0"
  resolved "https://registry.yarnpkg.com/bootstrap-datepicker/-/bootstrap-datepicker-1.8.0.tgz#c63513931e6f09f16ae9f11b62f32d950df3958e"
  dependencies:
    jquery ">=1.7.1 <4.0.0"

bootstrap-sass@^3.3.7:
  version "3.3.7"
  resolved "https://registry.yarnpkg.com/bootstrap-sass/-/bootstrap-sass-3.3.7.tgz#6596c7ab40f6637393323ab0bc80d064fc630498"

bootstrap-select@1.12.2:
  version "1.12.2"
  resolved "https://registry.yarnpkg.com/bootstrap-select/-/bootstrap-select-1.12.2.tgz#58d095b3fd584b31443866fbe39b6fdd4e4e12a4"
  dependencies:
    jquery ">=1.8"

bootstrap-slider-without-jquery@^10.0.0:
  version "10.0.0"
  resolved "https://registry.yarnpkg.com/bootstrap-slider-without-jquery/-/bootstrap-slider-without-jquery-10.0.0.tgz#5c304461b3b915037c7c118806c8ca08102f5de3"

bootstrap-slider@^9.9.0:
  version "9.10.0"
  resolved "https://registry.yarnpkg.com/bootstrap-slider/-/bootstrap-slider-9.10.0.tgz#1103d6bc00cfbfa8cfc9a2599ab518c55643da3f"

bootstrap-switch@~3.3.4:
  version "3.3.4"
  resolved "https://registry.yarnpkg.com/bootstrap-switch/-/bootstrap-switch-3.3.4.tgz#70e0aeb2a877c0dc766991de108e2170fc29a2ff"

bootstrap-touchspin@~3.1.1:
  version "3.1.1"
  resolved "https://registry.yarnpkg.com/bootstrap-touchspin/-/bootstrap-touchspin-3.1.1.tgz#9779deac72aaf577e5e762b8512c747c871d9597"

bootstrap@3.3.x, bootstrap@^3.3, bootstrap@~3.3.7:
  version "3.3.7"
  resolved "http://registry.npmjs.org/bootstrap/-/bootstrap-3.3.7.tgz#5a389394549f23330875a3b150656574f8a9eb71"

breakjs@^1.0.0:
  version "1.0.0"
  resolved "https://registry.yarnpkg.com/breakjs/-/breakjs-1.0.0.tgz#ec8353a06862eb43962deae09072ee66a4cd8459"

c3@^0.4.11, c3@~0.4.11:
  version "0.4.23"
  resolved "https://registry.yarnpkg.com/c3/-/c3-0.4.23.tgz#32ece135d0ac6d124187be5c6935903699643002"
  dependencies:
    d3 "~3.5.0"

change-emitter@^0.1.2:
  version "0.1.6"
  resolved "https://registry.yarnpkg.com/change-emitter/-/change-emitter-0.1.6.tgz#e8b2fe3d7f1ab7d69a32199aff91ea6931409515"

classnames@^2.2.0, classnames@^2.2.5:
  version "2.2.6"
  resolved "https://registry.yarnpkg.com/classnames/-/classnames-2.2.6.tgz#43935bffdd291f326dad0a205309b38d00f650ce"

core-js@^1.0.0:
  version "1.2.7"
  resolved "https://registry.yarnpkg.com/core-js/-/core-js-1.2.7.tgz#652294c14651db28fa93bd2d5ff2983a4f08c636"

core-js@^2.4.0, core-js@^2.5.7:
  version "2.5.7"
  resolved "https://registry.yarnpkg.com/core-js/-/core-js-2.5.7.tgz#f972608ff0cead68b841a16a932d0b183791814e"

create-react-context@^0.2.1:
  version "0.2.3"
  resolved "https://registry.yarnpkg.com/create-react-context/-/create-react-context-0.2.3.tgz#9ec140a6914a22ef04b8b09b7771de89567cb6f3"
  dependencies:
    fbjs "^0.8.0"
    gud "^1.0.0"

css-element-queries@^1.0.1:
  version "1.0.2"
  resolved "https://registry.yarnpkg.com/css-element-queries/-/css-element-queries-1.0.2.tgz#a32edfee4a5023688ef4d45f402077306d51d44c"

d3@~3.5.0, d3@~3.5.17:
  version "3.5.17"
  resolved "https://registry.yarnpkg.com/d3/-/d3-3.5.17.tgz#bc46748004378b21a360c9fc7cf5231790762fb8"

datatables.net-bs@>=1.10.9:
  version "1.10.19"
  resolved "https://registry.yarnpkg.com/datatables.net-bs/-/datatables.net-bs-1.10.19.tgz#08763b4e4d0cef1a427d019dc15e717c7ed67a4d"
  dependencies:
    datatables.net "1.10.19"
    jquery ">=1.7"

datatables.net-colreorder-bs@~1.3.2:
  version "1.3.3"
  resolved "https://registry.yarnpkg.com/datatables.net-colreorder-bs/-/datatables.net-colreorder-bs-1.3.3.tgz#3a9dcb08deebeb5d854079591e06e493ad793a53"
  dependencies:
    datatables.net-bs ">=1.10.9"
    datatables.net-colreorder ">=1.2.0"
    jquery ">=1.7"

datatables.net-colreorder@>=1.2.0, datatables.net-colreorder@^1.4.1:
  version "1.5.1"
  resolved "https://registry.yarnpkg.com/datatables.net-colreorder/-/datatables.net-colreorder-1.5.1.tgz#ee5eacd7178b5fd9396aab44d4907aae35086f8c"
  dependencies:
    datatables.net "^1.10.15"
    jquery ">=1.7"

datatables.net-select@~1.2.0:
  version "1.2.7"
  resolved "https://registry.yarnpkg.com/datatables.net-select/-/datatables.net-select-1.2.7.tgz#7d5badfca49c438f8b51df04483d8d77857e917c"
  dependencies:
    datatables.net "^1.10.15"
    jquery ">=1.7"

datatables.net@1.10.19, datatables.net@^1.10.15:
  version "1.10.19"
  resolved "https://registry.yarnpkg.com/datatables.net/-/datatables.net-1.10.19.tgz#97a1ed41c85e62d61040603481b59790a172dd1f"
  dependencies:
    jquery ">=1.7"

dom-helpers@^3.2.0, dom-helpers@^3.2.1, dom-helpers@^3.3.1:
  version "3.3.1"
  resolved "https://registry.yarnpkg.com/dom-helpers/-/dom-helpers-3.3.1.tgz#fc1a4e15ffdf60ddde03a480a9c0fece821dd4a6"

drmonty-datatables-colvis@~1.1.2:
  version "1.1.2"
  resolved "https://registry.yarnpkg.com/drmonty-datatables-colvis/-/drmonty-datatables-colvis-1.1.2.tgz#96ab9edfb48643cc2edda3f87b88933cdee8127c"
  dependencies:
    jquery ">=1.7.0"

encoding@^0.1.11:
  version "0.1.12"
  resolved "https://registry.yarnpkg.com/encoding/-/encoding-0.1.12.tgz#538b66f3ee62cd1ab51ec323829d1f9480c74beb"
  dependencies:
    iconv-lite "~0.4.13"

eonasdan-bootstrap-datetimepicker@^4.17.47:
  version "4.17.47"
  resolved "https://registry.yarnpkg.com/eonasdan-bootstrap-datetimepicker/-/eonasdan-bootstrap-datetimepicker-4.17.47.tgz#7a49970044065276e7965efd16f822735219e735"
  dependencies:
    bootstrap "^3.3"
    jquery "^1.8.3 || ^2.0 || ^3.0"
    moment "^2.10"
    moment-timezone "^0.4.0"

escape-string-regexp@^1.0.5:
  version "1.0.5"
  resolved "https://registry.yarnpkg.com/escape-string-regexp/-/escape-string-regexp-1.0.5.tgz#1b61c0562190a8dff6ae3bb2cf0200ca130b86d4"

fbjs@^0.8.0, fbjs@^0.8.1:
  version "0.8.17"
  resolved "https://registry.yarnpkg.com/fbjs/-/fbjs-0.8.17.tgz#c4d598ead6949112653d6588b01a5cdcd9f90fdd"
  dependencies:
    core-js "^1.0.0"
    isomorphic-fetch "^2.1.1"
    loose-envify "^1.0.0"
    object-assign "^4.1.0"
    promise "^7.1.1"
    setimmediate "^1.0.5"
    ua-parser-js "^0.7.18"

font-awesome-sass@^4.7.0:
  version "4.7.0"
  resolved "https://registry.yarnpkg.com/font-awesome-sass/-/font-awesome-sass-4.7.0.tgz#4eda693e915009ce00b228e0964dc5eca9bc34e1"

font-awesome@^4.7.0:
  version "4.7.0"
  resolved "https://registry.yarnpkg.com/font-awesome/-/font-awesome-4.7.0.tgz#8fa8cf0411a1a31afd07b06d2902bb9fc815a133"

google-code-prettify@~1.0.5:
  version "1.0.5"
  resolved "https://registry.yarnpkg.com/google-code-prettify/-/google-code-prettify-1.0.5.tgz#9f477f224dbfa62372e5ef803a7e157410400084"

gud@^1.0.0:
  version "1.0.0"
  resolved "https://registry.yarnpkg.com/gud/-/gud-1.0.0.tgz#a489581b17e6a70beca9abe3ae57de7a499852c0"

hoist-non-react-statics@^2.1.1, hoist-non-react-statics@^2.3.1:
  version "2.5.5"
  resolved "https://registry.yarnpkg.com/hoist-non-react-statics/-/hoist-non-react-statics-2.5.5.tgz#c5903cf409c0dfd908f388e619d86b9c1174cb47"

iconv-lite@~0.4.13:
  version "0.4.24"
  resolved "https://registry.yarnpkg.com/iconv-lite/-/iconv-lite-0.4.24.tgz#2022b4b25fbddc21d2f524974a474aafe733908b"
  dependencies:
    safer-buffer ">= 2.1.2 < 3"

invariant@^2.2.1, invariant@^2.2.4:
  version "2.2.4"
  resolved "https://registry.yarnpkg.com/invariant/-/invariant-2.2.4.tgz#610f3c92c9359ce1db616e538008d23ff35158e6"
  dependencies:
    loose-envify "^1.0.0"

is-stream@^1.0.1:
  version "1.1.0"
  resolved "https://registry.yarnpkg.com/is-stream/-/is-stream-1.1.0.tgz#12d4a3dd4e68e0b79ceb8dbc84173ae80d91ca44"

isomorphic-fetch@^2.1.1:
  version "2.2.1"
  resolved "https://registry.yarnpkg.com/isomorphic-fetch/-/isomorphic-fetch-2.2.1.tgz#611ae1acf14f5e81f729507472819fe9733558a9"
  dependencies:
    node-fetch "^1.0.1"
    whatwg-fetch ">=0.10.0"

jquery-match-height@^0.7.2:
  version "0.7.2"
  resolved "https://registry.yarnpkg.com/jquery-match-height/-/jquery-match-height-0.7.2.tgz#f8d9f3ba5314daab109cf07408674be204be5f0e"

"jquery@>= 2.1.x", jquery@>=1.7, jquery@>=1.7.0, "jquery@>=1.7.1 <4.0.0", jquery@>=1.8, "jquery@^1.8.3 || ^2.0 || ^3.0":
  version "3.3.1"
  resolved "https://registry.yarnpkg.com/jquery/-/jquery-3.3.1.tgz#958ce29e81c9790f31be7792df5d4d95fc57fbca"

jquery@~3.2.1:
  version "3.2.1"
  resolved "https://registry.yarnpkg.com/jquery/-/jquery-3.2.1.tgz#5c4d9de652af6cd0a770154a631bba12b015c787"

"js-tokens@^3.0.0 || ^4.0.0":
  version "4.0.0"
  resolved "https://registry.yarnpkg.com/js-tokens/-/js-tokens-4.0.0.tgz#19203fb59991df98e3a287050d4647cdeaf32499"

keycode@^2.2.0:
  version "2.2.0"
  resolved "https://registry.yarnpkg.com/keycode/-/keycode-2.2.0.tgz#3d0af56dc7b8b8e5cba8d0a97f107204eec22b04"

kubevirt-web-ui-components@^0.1.3:
  version "0.1.4"
  resolved "https://registry.yarnpkg.com/kubevirt-web-ui-components/-/kubevirt-web-ui-components-0.1.4.tgz#875f0a9f11b50198d116e8eec61b517d7bebfc78"

lodash@^4.17.2:
  version "4.17.11"
  resolved "https://registry.yarnpkg.com/lodash/-/lodash-4.17.11.tgz#b39ea6229ef607ecd89e2c8df12536891cac9b8d"

loose-envify@^1.0.0, loose-envify@^1.3.1, loose-envify@^1.4.0:
  version "1.4.0"
  resolved "https://registry.yarnpkg.com/loose-envify/-/loose-envify-1.4.0.tgz#71ee51fa7be4caec1a63839f7e682d8132d30caf"
  dependencies:
    js-tokens "^3.0.0 || ^4.0.0"

moment-timezone@^0.4.0, moment-timezone@^0.4.1:
  version "0.4.1"
  resolved "http://registry.npmjs.org/moment-timezone/-/moment-timezone-0.4.1.tgz#81f598c3ad5e22cdad796b67ecd8d88d0f5baa06"
  dependencies:
    moment ">= 2.6.0"

"moment@>= 2.6.0", moment@^2.10, moment@^2.19.1:
  version "2.22.2"
  resolved "https://registry.yarnpkg.com/moment/-/moment-2.22.2.tgz#3c257f9839fc0e93ff53149632239eb90783ff66"

node-fetch@^1.0.1:
  version "1.7.3"
  resolved "https://registry.yarnpkg.com/node-fetch/-/node-fetch-1.7.3.tgz#980f6f72d85211a5347c6b2bc18c5b84c3eb47ef"
  dependencies:
    encoding "^0.1.11"
    is-stream "^1.0.1"

object-assign@^4.1.0, object-assign@^4.1.1:
  version "4.1.1"
  resolved "https://registry.yarnpkg.com/object-assign/-/object-assign-4.1.1.tgz#2109adc7965887cfc05cbbd442cac8bfbb360863"

patternfly-bootstrap-combobox@~1.1.7:
  version "1.1.7"
  resolved "https://registry.yarnpkg.com/patternfly-bootstrap-combobox/-/patternfly-bootstrap-combobox-1.1.7.tgz#6a5e3ccd1170c21b3c4b4aa168a7413e1ddbb6e1"

patternfly-bootstrap-treeview@~2.1.0:
  version "2.1.7"
  resolved "https://registry.yarnpkg.com/patternfly-bootstrap-treeview/-/patternfly-bootstrap-treeview-2.1.7.tgz#3e325d4ca34040c24e7e3f701c8021b1700a6f5d"
  dependencies:
    bootstrap "3.3.x"
    jquery ">= 2.1.x"

patternfly-react@^2.20.3:
  version "2.20.3"
  resolved "https://registry.yarnpkg.com/patternfly-react/-/patternfly-react-2.20.3.tgz#aba307c9c2ede137e33a092ed7fd072f40bb25f8"
  dependencies:
    bootstrap-slider-without-jquery "^10.0.0"
    breakjs "^1.0.0"
    classnames "^2.2.5"
    css-element-queries "^1.0.1"
    patternfly "^3.52.4"
    react-bootstrap "^0.32.1"
    react-bootstrap-switch "^15.5.3"
    react-bootstrap-typeahead "^3.1.3"
    react-c3js "^0.1.20"
    react-click-outside "^3.0.1"
    react-collapse "^4.0.3"
    react-fontawesome "^1.6.1"
    react-motion "^0.5.2"
    reactabular-table "^8.14.0"
    recompose "^0.26.0"
  optionalDependencies:
    sortabular "^1.5.1"
    table-resolver "^3.2.0"

patternfly@^3.52.1, patternfly@^3.52.4:
  version "3.54.8"
  resolved "https://registry.yarnpkg.com/patternfly/-/patternfly-3.54.8.tgz#fd6c69714dc460575d2534c9f29017a58b442a83"
  dependencies:
    bootstrap "~3.3.7"
    font-awesome "^4.7.0"
    jquery "~3.2.1"
  optionalDependencies:
    "@types/c3" "^0.6.0"
    bootstrap-datepicker "^1.7.1"
    bootstrap-sass "^3.3.7"
    bootstrap-select "1.12.2"
    bootstrap-slider "^9.9.0"
    bootstrap-switch "~3.3.4"
    bootstrap-touchspin "~3.1.1"
    c3 "~0.4.11"
    d3 "~3.5.17"
    datatables.net "^1.10.15"
    datatables.net-colreorder "^1.4.1"
    datatables.net-colreorder-bs "~1.3.2"
    datatables.net-select "~1.2.0"
    drmonty-datatables-colvis "~1.1.2"
    eonasdan-bootstrap-datetimepicker "^4.17.47"
    font-awesome-sass "^4.7.0"
    google-code-prettify "~1.0.5"
    jquery-match-height "^0.7.2"
    moment "^2.19.1"
    moment-timezone "^0.4.1"
    patternfly-bootstrap-combobox "~1.1.7"
    patternfly-bootstrap-treeview "~2.1.0"

performance-now@^0.2.0:
  version "0.2.0"
  resolved "https://registry.yarnpkg.com/performance-now/-/performance-now-0.2.0.tgz#33ef30c5c77d4ea21c5a53869d91b56d8f2555e5"

performance-now@^2.1.0:
  version "2.1.0"
  resolved "https://registry.yarnpkg.com/performance-now/-/performance-now-2.1.0.tgz#6309f4e0e5fa913ec1c69307ae364b4b377c9e7b"

popper.js@^1.14.1:
  version "1.14.4"
  resolved "https://registry.yarnpkg.com/popper.js/-/popper.js-1.14.4.tgz#8eec1d8ff02a5a3a152dd43414a15c7b79fd69b6"

promise@^7.1.1:
  version "7.3.1"
  resolved "https://registry.yarnpkg.com/promise/-/promise-7.3.1.tgz#064b72602b18f90f29192b8b1bc418ffd1ebd3bf"
  dependencies:
    asap "~2.0.3"

prop-types-extra@^1.0.1:
  version "1.1.0"
  resolved "https://registry.yarnpkg.com/prop-types-extra/-/prop-types-extra-1.1.0.tgz#32609910ea2dcf190366bacd3490d5a6412a605f"
  dependencies:
    react-is "^16.3.2"
    warning "^3.0.0"

prop-types@^15.5.10, prop-types@^15.5.6, prop-types@^15.5.8, prop-types@^15.6.1, prop-types@^15.6.2:
  version "15.6.2"
  resolved "https://registry.yarnpkg.com/prop-types/-/prop-types-15.6.2.tgz#05d5ca77b4453e985d60fc7ff8c859094a497102"
  dependencies:
    loose-envify "^1.3.1"
    object-assign "^4.1.1"

raf@^3.1.0:
  version "3.4.0"
  resolved "https://registry.yarnpkg.com/raf/-/raf-3.4.0.tgz#a28876881b4bc2ca9117d4138163ddb80f781575"
  dependencies:
    performance-now "^2.1.0"

react-bootstrap-switch@^15.5.3:
  version "15.5.3"
  resolved "https://registry.yarnpkg.com/react-bootstrap-switch/-/react-bootstrap-switch-15.5.3.tgz#97287791d4ec0d1892d142542e7e5248002b1251"

react-bootstrap-typeahead@^3.1.3:
  version "3.2.4"
  resolved "https://registry.yarnpkg.com/react-bootstrap-typeahead/-/react-bootstrap-typeahead-3.2.4.tgz#3af0bc5f569c4a745041620f4ecb2453c887c495"
  dependencies:
    classnames "^2.2.0"
    escape-string-regexp "^1.0.5"
    invariant "^2.2.1"
    lodash "^4.17.2"
    prop-types "^15.5.8"
    prop-types-extra "^1.0.1"
    react-onclickoutside "^6.1.1"
    react-overlays "^0.8.1"
    react-popper "^1.0.0"
    warning "^4.0.1"

react-bootstrap@^0.32.1:
  version "0.32.4"
  resolved "https://registry.yarnpkg.com/react-bootstrap/-/react-bootstrap-0.32.4.tgz#8efc4cbfc4807215d75b7639bee0d324c8d740d1"
  dependencies:
    "@babel/runtime-corejs2" "^7.0.0"
    classnames "^2.2.5"
    dom-helpers "^3.2.0"
    invariant "^2.2.4"
    keycode "^2.2.0"
    prop-types "^15.6.1"
    prop-types-extra "^1.0.1"
    react-overlays "^0.8.0"
    react-prop-types "^0.4.0"
    react-transition-group "^2.0.0"
    uncontrollable "^5.0.0"
    warning "^3.0.0"

react-c3js@^0.1.20:
  version "0.1.20"
  resolved "https://registry.yarnpkg.com/react-c3js/-/react-c3js-0.1.20.tgz#561bb211bd691be42af39726d11bab42d09f3e7b"
  dependencies:
    c3 "^0.4.11"

react-click-outside@^3.0.1:
  version "3.0.1"
  resolved "https://registry.yarnpkg.com/react-click-outside/-/react-click-outside-3.0.1.tgz#6e77e84d2f17afaaac26dbad743cbbf909f5e24c"
  dependencies:
    hoist-non-react-statics "^2.1.1"

react-collapse@^4.0.3:
  version "4.0.3"
  resolved "https://registry.yarnpkg.com/react-collapse/-/react-collapse-4.0.3.tgz#b96de959ed0092a43534630b599a4753dd76d543"
  dependencies:
    prop-types "^15.5.8"

react-fontawesome@^1.6.1:
  version "1.6.1"
  resolved "https://registry.yarnpkg.com/react-fontawesome/-/react-fontawesome-1.6.1.tgz#eddce17e7dc731aa09fd4a186688a61793a16c5c"
  dependencies:
    prop-types "^15.5.6"

react-is@^16.3.2:
  version "16.5.2"
  resolved "https://registry.yarnpkg.com/react-is/-/react-is-16.5.2.tgz#e2a7b7c3f5d48062eb769fcb123505eb928722e3"

react-lifecycles-compat@^3.0.4:
  version "3.0.4"
  resolved "https://registry.yarnpkg.com/react-lifecycles-compat/-/react-lifecycles-compat-3.0.4.tgz#4f1a273afdfc8f3488a8c516bfda78f872352362"

react-motion@^0.5.2:
  version "0.5.2"
  resolved "https://registry.yarnpkg.com/react-motion/-/react-motion-0.5.2.tgz#0dd3a69e411316567927917c6626551ba0607316"
  dependencies:
    performance-now "^0.2.0"
    prop-types "^15.5.8"
    raf "^3.1.0"

react-onclickoutside@^6.1.1:
  version "6.7.1"
  resolved "https://registry.yarnpkg.com/react-onclickoutside/-/react-onclickoutside-6.7.1.tgz#6a5b5b8b4eae6b776259712c89c8a2b36b17be93"

react-overlays@^0.8.0, react-overlays@^0.8.1:
  version "0.8.3"
  resolved "https://registry.yarnpkg.com/react-overlays/-/react-overlays-0.8.3.tgz#fad65eea5b24301cca192a169f5dddb0b20d3ac5"
  dependencies:
    classnames "^2.2.5"
    dom-helpers "^3.2.1"
    prop-types "^15.5.10"
    prop-types-extra "^1.0.1"
    react-transition-group "^2.2.0"
    warning "^3.0.0"

react-popper@^1.0.0:
  version "1.0.2"
  resolved "https://registry.yarnpkg.com/react-popper/-/react-popper-1.0.2.tgz#0e72f338b7f15ab9f9ec884e36ae0dad78a3e301"
  dependencies:
    babel-runtime "6.x.x"
    create-react-context "^0.2.1"
    popper.js "^1.14.1"
    prop-types "^15.6.1"
    typed-styles "^0.0.5"
    warning "^3.0.0"

react-prop-types@^0.4.0:
  version "0.4.0"
  resolved "https://registry.yarnpkg.com/react-prop-types/-/react-prop-types-0.4.0.tgz#f99b0bfb4006929c9af2051e7c1414a5c75b93d0"
  dependencies:
    warning "^3.0.0"

react-transition-group@^2.0.0, react-transition-group@^2.2.0:
  version "2.5.0"
  resolved "https://registry.yarnpkg.com/react-transition-group/-/react-transition-group-2.5.0.tgz#70bca0e3546102c4dc5cf3f5f57f73447cce6874"
  dependencies:
    dom-helpers "^3.3.1"
    loose-envify "^1.4.0"
    prop-types "^15.6.2"
    react-lifecycles-compat "^3.0.4"

reactabular-dnd@^8.16.0:
  version "8.16.0"
  resolved "https://registry.yarnpkg.com/reactabular-dnd/-/reactabular-dnd-8.16.0.tgz#c66df1cfa08615978aa4eeb885747a1634dfc54a"

reactabular-table@^8.14.0:
  version "8.14.0"
  resolved "https://registry.yarnpkg.com/reactabular-table/-/reactabular-table-8.14.0.tgz#2ce05de47d499db91678fa9518505ea509bf3d7f"
  dependencies:
    classnames "^2.2.5"

recompose@^0.26.0:
  version "0.26.0"
  resolved "https://registry.yarnpkg.com/recompose/-/recompose-0.26.0.tgz#9babff039cb72ba5bd17366d55d7232fbdfb2d30"
  dependencies:
    change-emitter "^0.1.2"
    fbjs "^0.8.1"
    hoist-non-react-statics "^2.3.1"
    symbol-observable "^1.0.4"

regenerator-runtime@^0.11.0:
  version "0.11.1"
  resolved "https://registry.yarnpkg.com/regenerator-runtime/-/regenerator-runtime-0.11.1.tgz#be05ad7f9bf7d22e056f9726cee5017fbf19e2e9"

regenerator-runtime@^0.12.0:
  version "0.12.1"
  resolved "https://registry.yarnpkg.com/regenerator-runtime/-/regenerator-runtime-0.12.1.tgz#fa1a71544764c036f8c49b13a08b2594c9f8a0de"

"safer-buffer@>= 2.1.2 < 3":
  version "2.1.2"
  resolved "https://registry.yarnpkg.com/safer-buffer/-/safer-buffer-2.1.2.tgz#44fa161b0187b9549dd84bb91802f9bd8385cd6a"

setimmediate@^1.0.5:
  version "1.0.5"
  resolved "https://registry.yarnpkg.com/setimmediate/-/setimmediate-1.0.5.tgz#290cbb232e306942d7d7ea9b83732ab7856f8285"

sortabular@^1.5.1:
  version "1.6.0"
  resolved "https://registry.yarnpkg.com/sortabular/-/sortabular-1.6.0.tgz#d320198c3add5cf8e200b14e076f0a06ad08d341"

symbol-observable@^1.0.4:
  version "1.2.0"
  resolved "https://registry.yarnpkg.com/symbol-observable/-/symbol-observable-1.2.0.tgz#c22688aed4eab3cdc2dfeacbb561660560a00804"

table-resolver@^3.2.0:
  version "3.3.0"
  resolved "https://registry.yarnpkg.com/table-resolver/-/table-resolver-3.3.0.tgz#22e575d3c6aed15404ab71a0f2046c4ff55e556e"

typed-styles@^0.0.5:
  version "0.0.5"
  resolved "https://registry.yarnpkg.com/typed-styles/-/typed-styles-0.0.5.tgz#a60df245d482a9b1adf9c06c078d0f06085ed1cf"

ua-parser-js@^0.7.18:
  version "0.7.18"
  resolved "https://registry.yarnpkg.com/ua-parser-js/-/ua-parser-js-0.7.18.tgz#a7bfd92f56edfb117083b69e31d2aa8882d4b1ed"

uncontrollable@^5.0.0:
  version "5.1.0"
  resolved "https://registry.yarnpkg.com/uncontrollable/-/uncontrollable-5.1.0.tgz#7e9a1c50ea24e3c78b625e52d21ff3f758c7bd59"
  dependencies:
    invariant "^2.2.4"

warning@^3.0.0:
  version "3.0.0"
  resolved "https://registry.yarnpkg.com/warning/-/warning-3.0.0.tgz#32e5377cb572de4ab04753bdf8821c01ed605b7c"
  dependencies:
    loose-envify "^1.0.0"

warning@^4.0.1:
  version "4.0.2"
  resolved "https://registry.yarnpkg.com/warning/-/warning-4.0.2.tgz#aa6876480872116fa3e11d434b0d0d8d91e44607"
  dependencies:
    loose-envify "^1.0.0"

whatwg-fetch@>=0.10.0:
  version "3.0.0"
  resolved "https://registry.yarnpkg.com/whatwg-fetch/-/whatwg-fetch-3.0.0.tgz#fc804e458cc460009b1a2b966bc8817d2578aefb"

xterm@^3.3.0:
  version "3.8.0"
  resolved "https://registry.yarnpkg.com/xterm/-/xterm-3.8.0.tgz#55d1de518bdc9c9793823f5e4e97d6898972938d"
