# THIS IS AN AUTOGENERATED FILE. DO NOT EDIT THIS FILE DIRECTLY.
# yarn lockfile v1


"@novnc/novnc@^1.0.0":
  version "1.0.0"
  resolved "https://registry.yarnpkg.com/@novnc/novnc/-/novnc-1.0.0.tgz#76b0e89e6f8738ca8154195baf5b8e6a80bc9105"

"@patternfly/react-console@1.5.0":
  version "1.5.0"
  resolved "https://registry.yarnpkg.com/@patternfly/react-console/-/react-console-1.5.0.tgz#7a3bddb9813033e75c0a7c3fdbea73115e22476d"
  dependencies:
    "@novnc/novnc" "^1.0.0"
    classnames "^2.2.5"
    xterm "^3.3.0"

classnames@^2.2.5:
  version "2.2.6"
  resolved "https://registry.yarnpkg.com/classnames/-/classnames-2.2.6.tgz#43935bffdd291f326dad0a205309b38d00f650ce"

kubevirt-web-ui-components@^0.1.6:
  version "0.1.7"
  resolved "https://registry.yarnpkg.com/kubevirt-web-ui-components/-/kubevirt-web-ui-components-0.1.7.tgz#6055cd8f9c2bce7384550805354ea04031aaaf4e"

reactabular-dnd@^8.16.0:
  version "8.16.0"
  resolved "https://registry.yarnpkg.com/reactabular-dnd/-/reactabular-dnd-8.16.0.tgz#c66df1cfa08615978aa4eeb885747a1634dfc54a"

xterm@^3.3.0:
  version "3.8.0"
  resolved "https://registry.yarnpkg.com/xterm/-/xterm-3.8.0.tgz#55d1de518bdc9c9793823f5e4e97d6898972938d"
