# THIS IS AN AUTOGENERATED FILE. DO NOT EDIT THIS FILE DIRECTLY.
# yarn lockfile v1


"@novnc/novnc@^1.0.0":
  version "1.0.0"
  resolved "https://registry.yarnpkg.com/@novnc/novnc/-/novnc-1.0.0.tgz#76b0e89e6f8738ca8154195baf5b8e6a80bc9105"

"@patternfly/react-console@1.8.1":
  version "1.8.1"
  resolved "https://registry.yarnpkg.com/@patternfly/react-console/-/react-console-1.8.1.tgz#c0524c2bfa86108967f5b9fa141195f494bcbd17"
  dependencies:
    "@novnc/novnc" "^1.0.0"
    blob-polyfill "^3.0.20180112"
    classnames "^2.2.5"
    file-saver "^1.3.8"
    xterm "^3.3.0"

blob-polyfill@^3.0.20180112:
  version "3.0.20180112"
  resolved "https://registry.yarnpkg.com/blob-polyfill/-/blob-polyfill-3.0.20180112.tgz#7f7c3e235ae298867f8c22b429d33aa9a7cc65b5"

classnames@^2.2.5:
  version "2.2.6"
  resolved "https://registry.yarnpkg.com/classnames/-/classnames-2.2.6.tgz#43935bffdd291f326dad0a205309b38d00f650ce"

file-saver@^1.3.8:
  version "1.3.8"
  resolved "https://registry.yarnpkg.com/file-saver/-/file-saver-1.3.8.tgz#e68a30c7cb044e2fb362b428469feb291c2e09d8"

kubevirt-web-ui-components@0.1.10:
  version "0.1.10"
  resolved "https://registry.yarnpkg.com/kubevirt-web-ui-components/-/kubevirt-web-ui-components-0.1.10.tgz#fc14e908a18227636a7b3fb199b1c20923554ee5"
  integrity sha512-ponbLzU0HFK5kxb3cr73dEk8utXDA74UPHp/sg4rIGx+s0pUJN8rKsmbOZ5aXFmKWJWhLgItzlqpqPYiiFu3kg==

reactabular-dnd@^8.16.0:
  version "8.16.0"
  resolved "https://registry.yarnpkg.com/reactabular-dnd/-/reactabular-dnd-8.16.0.tgz#c66df1cfa08615978aa4eeb885747a1634dfc54a"

xterm@^3.3.0:
  version "3.8.0"
  resolved "https://registry.yarnpkg.com/xterm/-/xterm-3.8.0.tgz#55d1de518bdc9c9793823f5e4e97d6898972938d"
